{
  "nodes": {
    "devenv": {
      "locked": {
        "dir": "src/modules",
        "lastModified": 1784849577,
        "narHash": "sha256-vVJl1B6vuVkpmkGYxSaHHpjwCZCP59OsXlSo4bQontk=",
        "owner": "cachix",
        "repo": "devenv",
        "rev": "fc06618ba2099eaec355764f3ec5c395d45cec7c",
        "type": "github"
      },
      "original": {
        "dir": "src/modules",
        "owner": "cachix",
        "repo": "devenv",
        "type": "github"
      }
    },
    "nixpkgs": {
      "locked": {
        "lastModified": 1784914089,
        "narHash": "sha256-D8yQJO2pZkgvh/rKM321b0yOQwWJz7f1XAsRxijXEIA=",
        "owner": "NixOS",
        "repo": "nixpkgs",
        "rev": "13fb0d5440a4f381f447448560c02c6c5dd7e407",
        "type": "github"
      },
      "original": {
        "owner": "NixOS",
        "ref": "master",
        "repo": "nixpkgs",
        "type": "github"
      }
    },
    "root": {
      "inputs": {
        "devenv": "devenv",
        "nixpkgs": "nixpkgs"
      }
    }
  },
  "root": "root",
  "version": 7
}